{
  "name": "page-scroll-effects-master",
  "lockfileVersion": 2,
  "requires": true,
  "packages": {
    "": {
      "dependencies": {
        "bubbly-bg": "^1.0.0"
      }
    },
    "node_modules/bubbly-bg": {
      "version": "1.0.0",
      "resolved": "https://registry.npmjs.org/bubbly-bg/-/bubbly-bg-1.0.0.tgz",
      "integrity": "sha512-sqTWKaeRjWywlXzDEL12z2lxhjG/hPK/0uWkl59hBSIdsA1y3GPRLHfkTelcufY0tQVtXCqKYQDvlW1XHNw53A=="
    }
  },
  "dependencies": {
    "bubbly-bg": {
      "version": "1.0.0",
      "resolved": "https://registry.npmjs.org/bubbly-bg/-/bubbly-bg-1.0.0.tgz",
      "integrity": "sha512-sqTWKaeRjWywlXzDEL12z2lxhjG/hPK/0uWkl59hBSIdsA1y3GPRLHfkTelcufY0tQVtXCqKYQDvlW1XHNw53A=="
    }
  }
}
